
Microsoft Visual Studio Solution File, Format Version 12.00
# Visual Studio Version 17
VisualStudioVersion = 17.9.34607.119
MinimumVisualStudioVersion = 10.0.40219.1
Project("{FAE04EC0-301F-11D3-BF4B-00C04F79EFBC}") = "RegisterLogin", "RegisterLogin\RegisterLogin.csproj", "{1B700760-5E17-48C7-AE98-8E8F7015D1A6}"
EndProject
Global
	GlobalSection(SolutionConfigurationPlatforms) = preSolution
		Debug|Any CPU = Debug|Any CPU
		Release|Any CPU = Release|Any CPU
	EndGlobalSection
	GlobalSection(ProjectConfigurationPlatforms) = postSolution
		{1B700760-5E17-48C7-AE98-8E8F7015D1A6}.Debug|Any CPU.ActiveCfg = Debug|Any CPU
		{1B700760-5E17-48C7-AE98-8E8F7015D1A6}.Debug|Any CPU.Build.0 = Debug|Any CPU
		{1B700760-5E17-48C7-AE98-8E8F7015D1A6}.Release|Any CPU.ActiveCfg = Release|Any CPU
		{1B700760-5E17-48C7-AE98-8E8F7015D1A6}.Release|Any CPU.Build.0 = Release|Any CPU
	EndGlobalSection
	GlobalSection(SolutionProperties) = preSolution
		HideSolutionNode = FALSE
	EndGlobalSection
	GlobalSection(ExtensibilityGlobals) = postSolution
		SolutionGuid = {CF9D17AD-D9EC-4B4A-9BA0-368251490AD2}
	EndGlobalSection
EndGlobal
